# This file is automatically @generated by Cargo.
# It is not intended for manual editing.
version = 4

[[package]]
name = "legato-client-cache"
version = "0.1.0"
dependencies = [
 "legato-types",
]

[[package]]
name = "legato-client-core"
version = "0.1.0"
dependencies = [
 "legato-client-cache",
 "legato-proto",
 "legato-types",
]

[[package]]
name = "legato-fs-macos"
version = "0.1.0"
dependencies = [
 "legato-client-core",
]

[[package]]
name = "legato-fs-windows"
version = "0.1.0"
dependencies = [
 "legato-client-core",
]

[[package]]
name = "legato-prefetch"
version = "0.1.0"
dependencies = [
 "legato-types",
]

[[package]]
name = "legato-proto"
version = "0.1.0"
dependencies = [
 "legato-types",
]

[[package]]
name = "legato-server"
version = "0.1.0"
dependencies = [
 "legato-proto",
]

[[package]]
name = "legato-types"
version = "0.1.0"

[[package]]
name = "legatofs"
version = "0.1.0"
dependencies = [
 "legato-client-core",
 "legato-fs-macos",
 "legato-fs-windows",
]
